// !$*UTF8*$!
{
	archiveVersion = 1;
	classes = {
	};
	objectVersion = 46;
	objects = {

/* Begin PBXBuildFile section */
		2422B32519343942005BF48F /* Foundation.framework in Frameworks */ = {isa = PBXBuildFile; fileRef = 2422B32419343942005BF48F /* Foundation.framework */; };
		2422B32A19343942005BF48F /* libcocoa.h in CopyFiles */ = {isa = PBXBuildFile; fileRef = 2422B32919343942005BF48F /* libcocoa.h */; };
		2422B32C19343942005BF48F /* libcocoa.m in Sources */ = {isa = PBXBuildFile; fileRef = 2422B32B19343942005BF48F /* libcocoa.m */; };
		2422B33319343942005BF48F /* XCTest.framework in Frameworks */ = {isa = PBXBuildFile; fileRef = 2422B33219343942005BF48F /* XCTest.framework */; };
		2422B33419343942005BF48F /* Foundation.framework in Frameworks */ = {isa = PBXBuildFile; fileRef = 2422B32419343942005BF48F /* Foundation.framework */; };
		2422B33619343942005BF48F /* UIKit.framework in Frameworks */ = {isa = PBXBuildFile; fileRef = 2422B33519343942005BF48F /* UIKit.framework */; };
		2422B33919343942005BF48F /* liblibcocoa.a in Frameworks */ = {isa = PBXBuildFile; fileRef = 2422B32119343942005BF48F /* liblibcocoa.a */; };
		2422B33F19343942005BF48F /* InfoPlist.strings in Resources */ = {isa = PBXBuildFile; fileRef = 2422B33D19343942005BF48F /* InfoPlist.strings */; };
		2422B34119343942005BF48F /* libcocoaTests.m in Sources */ = {isa = PBXBuildFile; fileRef = 2422B34019343942005BF48F /* libcocoaTests.m */; };
/* End PBXBuildFile section */

/* Begin PBXContainerItemProxy section */
		2422B33719343942005BF48F /* PBXContainerItemProxy */ = {
			isa = PBXContainerItemProxy;
			containerPortal = 2422B31919343942005BF48F /* Project object */;
			proxyType = 1;
			remoteGlobalIDString = 2422B32019343942005BF48F;
			remoteInfo = libcocoa;
		};
/* End PBXContainerItemProxy section */

/* Begin PBXCopyFilesBuildPhase section */
		2422B31F19343942005BF48F /* CopyFiles */ = {
			isa = PBXCopyFilesBuildPhase;
			buildActionMask = 2147483647;
			dstPath = "include/$(PRODUCT_NAME)";
			dstSubfolderSpec = 16;
			files = (
				2422B32A19343942005BF48F /* libcocoa.h in CopyFiles */,
			);
			runOnlyForDeploymentPostprocessing = 0;
		};
/* End PBXCopyFilesBuildPhase section */

/* Begin PBXFileReference section */
		2422B32119343942005BF48F /* liblibcocoa.a */ = {isa = PBXFileReference; explicitFileType = archive.ar; includeInIndex = 0; path = liblibcocoa.a; sourceTree = BUILT_PRODUCTS_DIR; };
		2422B32419343942005BF48F /* Foundation.framework */ = {isa = PBXFileReference; lastKnownFileType = wrapper.framework; name = Foundation.framework; path = System/Library/Frameworks/Foundation.framework; sourceTree = SDKROOT; };
		2422B32819343942005BF48F /* libcocoa-Prefix.pch */ = {isa = PBXFileReference; lastKnownFileType = sourcecode.c.h; path = "libcocoa-Prefix.pch"; sourceTree = "<group>"; };
		2422B32919343942005BF48F /* libcocoa.h */ = {isa = PBXFileReference; lastKnownFileType = sourcecode.c.h; path = libcocoa.h; sourceTree = "<group>"; };
		2422B32B19343942005BF48F /* libcocoa.m */ = {isa = PBXFileReference; lastKnownFileType = sourcecode.c.objc; path = libcocoa.m; sourceTree = "<group>"; };
		2422B33119343942005BF48F /* libcocoaTests.xctest */ = {isa = PBXFileReference; explicitFileType = wrapper.cfbundle; includeInIndex = 0; path = libcocoaTests.xctest; sourceTree = BUILT_PRODUCTS_DIR; };
		2422B33219343942005BF48F /* XCTest.framework */ = {isa = PBXFileReference; lastKnownFileType = wrapper.framework; name = XCTest.framework; path = Library/Frameworks/XCTest.framework; sourceTree = DEVELOPER_DIR; };
		2422B33519343942005BF48F /* UIKit.framework */ = {isa = PBXFileReference; lastKnownFileType = wrapper.framework; name = UIKit.framework; path = Library/Frameworks/UIKit.framework; sourceTree = DEVELOPER_DIR; };
		2422B33C19343942005BF48F /* libcocoaTests-Info.plist */ = {isa = PBXFileReference; lastKnownFileType = text.plist.xml; path = "libcocoaTests-Info.plist"; sourceTree = "<group>"; };
		2422B33E19343942005BF48F /* en */ = {isa = PBXFileReference; lastKnownFileType = text.plist.strings; name = en; path = en.lproj/InfoPlist.strings; sourceTree = "<group>"; };
		2422B34019343942005BF48F /* libcocoaTests.m */ = {isa = PBXFileReference; lastKnownFileType = sourcecode.c.objc; path = libcocoaTests.m; sourceTree = "<group>"; };
/* End PBXFileReference section */

/* Begin PBXFrameworksBuildPhase section */
		2422B31E19343942005BF48F /* Frameworks */ = {
			isa = PBXFrameworksBuildPhase;
			buildActionMask = 2147483647;
			files = (
				2422B32519343942005BF48F /* Foundation.framework in Frameworks */,
			);
			runOnlyForDeploymentPostprocessing = 0;
		};
		2422B32E19343942005BF48F /* Frameworks */ = {
			isa = PBXFrameworksBuildPhase;
			buildActionMask = 2147483647;
			files = (
				2422B33319343942005BF48F /* XCTest.framework in Frameworks */,
				2422B33619343942005BF48F /* UIKit.framework in Frameworks */,
				2422B33419343942005BF48F /* Foundation.framework in Frameworks */,
				2422B33919343942005BF48F /* liblibcocoa.a in Frameworks */,
			);
			runOnlyForDeploymentPostprocessing = 0;
		};
/* End PBXFrameworksBuildPhase section */

/* Begin PBXGroup section */
		2422B31819343942005BF48F = {
			isa = PBXGroup;
			children = (
				2422B32619343942005BF48F /* libcocoa */,
				2422B33A19343942005BF48F /* libcocoaTests */,
				2422B32319343942005BF48F /* Frameworks */,
				2422B32219343942005BF48F /* Products */,
			);
			sourceTree = "<group>";
		};
		2422B32219343942005BF48F /* Products */ = {
			isa = PBXGroup;
			children = (
				2422B32119343942005BF48F /* liblibcocoa.a */,
				2422B33119343942005BF48F /* libcocoaTests.xctest */,
			);
			name = Products;
			sourceTree = "<group>";
		};
		2422B32319343942005BF48F /* Frameworks */ = {
			isa = PBXGroup;
			children = (
				2422B32419343942005BF48F /* Foundation.framework */,
				2422B33219343942005BF48F /* XCTest.framework */,
				2422B33519343942005BF48F /* UIKit.framework */,
			);
			name = Frameworks;
			sourceTree = "<group>";
		};
		2422B32619343942005BF48F /* libcocoa */ = {
			isa = PBXGroup;
			children = (
				2422B32919343942005BF48F /* libcocoa.h */,
				2422B32B19343942005BF48F /* libcocoa.m */,
				2422B32719343942005BF48F /* Supporting Files */,
			);
			path = libcocoa;
			sourceTree = "<group>";
		};
		2422B32719343942005BF48F /* Supporting Files */ = {
			isa = PBXGroup;
			children = (
				2422B32819343942005BF48F /* libcocoa-Prefix.pch */,
			);
			name = "Supporting Files";
			sourceTree = "<group>";
		};
		2422B33A19343942005BF48F /* libcocoaTests */ = {
			isa = PBXGroup;
			children = (
				2422B34019343942005BF48F /* libcocoaTests.m */,
				2422B33B19343942005BF48F /* Supporting Files */,
			);
			path = libcocoaTests;
			sourceTree = "<group>";
		};
		2422B33B19343942005BF48F /* Supporting Files */ = {
			isa = PBXGroup;
			children = (
				2422B33C19343942005BF48F /* libcocoaTests-Info.plist */,
				2422B33D19343942005BF48F /* InfoPlist.strings */,
			);
			name = "Supporting Files";
			sourceTree = "<group>";
		};
/* End PBXGroup section */

/* Begin PBXNativeTarget section */
		2422B32019343942005BF48F /* libcocoa */ = {
			isa = PBXNativeTarget;
			buildConfigurationList = 2422B34419343942005BF48F /* Build configuration list for PBXNativeTarget "libcocoa" */;
			buildPhases = (
				2422B31D19343942005BF48F /* Sources */,
				2422B31E19343942005BF48F /* Frameworks */,
				2422B31F19343942005BF48F /* CopyFiles */,
			);
			buildRules = (
			);
			dependencies = (
			);
			name = libcocoa;
			productName = libcocoa;
			productReference = 2422B32119343942005BF48F /* liblibcocoa.a */;
			productType = "com.apple.product-type.library.static";
		};
		2422B33019343942005BF48F /* libcocoaTests */ = {
			isa = PBXNativeTarget;
			buildConfigurationList = 2422B34719343942005BF48F /* Build configuration list for PBXNativeTarget "libcocoaTests" */;
			buildPhases = (
				2422B32D19343942005BF48F /* Sources */,
				2422B32E19343942005BF48F /* Frameworks */,
				2422B32F19343942005BF48F /* Resources */,
			);
			buildRules = (
			);
			dependencies = (
				2422B33819343942005BF48F /* PBXTargetDependency */,
			);
			name = libcocoaTests;
			productName = libcocoaTests;
			productReference = 2422B33119343942005BF48F /* libcocoaTests.xctest */;
			productType = "com.apple.product-type.bundle.unit-test";
		};
/* End PBXNativeTarget section */

/* Begin PBXProject section */
		2422B31919343942005BF48F /* Project object */ = {
			isa = PBXProject;
			attributes = {
				LastUpgradeCheck = 0510;
				ORGANIZATIONNAME = "___FULLUSERNAME___";
			};
			buildConfigurationList = 2422B31C19343942005BF48F /* Build configuration list for PBXProject "libcocoa" */;
			compatibilityVersion = "Xcode 3.2";
			developmentRegion = English;
			hasScannedForEncodings = 0;
			knownRegions = (
				en,
			);
			mainGroup = 2422B31819343942005BF48F;
			productRefGroup = 2422B32219343942005BF48F /* Products */;
			projectDirPath = "";
			projectRoot = "";
			targets = (
				2422B32019343942005BF48F /* libcocoa */,
				2422B33019343942005BF48F /* libcocoaTests */,
			);
		};
/* End PBXProject section */

/* Begin PBXResourcesBuildPhase section */
		2422B32F19343942005BF48F /* Resources */ = {
			isa = PBXResourcesBuildPhase;
			buildActionMask = 2147483647;
			files = (
				2422B33F19343942005BF48F /* InfoPlist.strings in Resources */,
			);
			runOnlyForDeploymentPostprocessing = 0;
		};
/* End PBXResourcesBuildPhase section */

/* Begin PBXSourcesBuildPhase section */
		2422B31D19343942005BF48F /* Sources */ = {
			isa = PBXSourcesBuildPhase;
			buildActionMask = 2147483647;
			files = (
				2422B32C19343942005BF48F /* libcocoa.m in Sources */,
			);
			runOnlyForDeploymentPostprocessing = 0;
		};
		2422B32D19343942005BF48F /* Sources */ = {
			isa = PBXSourcesBuildPhase;
			buildActionMask = 2147483647;
			files = (
				2422B34119343942005BF48F /* libcocoaTests.m in Sources */,
			);
			runOnlyForDeploymentPostprocessing = 0;
		};
/* End PBXSourcesBuildPhase section */

/* Begin PBXTargetDependency section */
		2422B33819343942005BF48F /* PBXTargetDependency */ = {
			isa = PBXTargetDependency;
			target = 2422B32019343942005BF48F /* libcocoa */;
			targetProxy = 2422B33719343942005BF48F /* PBXContainerItemProxy */;
		};
/* End PBXTargetDependency section */

/* Begin PBXVariantGroup section */
		2422B33D19343942005BF48F /* InfoPlist.strings */ = {
			isa = PBXVariantGroup;
			children = (
				2422B33E19343942005BF48F /* en */,
			);
			name = InfoPlist.strings;
			sourceTree = "<group>";
		};
/* End PBXVariantGroup section */

/* Begin XCBuildConfiguration section */
		2422B34219343942005BF48F /* Debug */ = {
			isa = XCBuildConfiguration;
			buildSettings = {
				ALWAYS_SEARCH_USER_PATHS = NO;
				CLANG_CXX_LANGUAGE_STANDARD = "gnu++0x";
				CLANG_CXX_LIBRARY = "libc++";
				CLANG_ENABLE_MODULES = YES;
				CLANG_ENABLE_OBJC_ARC = YES;
				CLANG_WARN_BOOL_CONVERSION = YES;
				CLANG_WARN_CONSTANT_CONVERSION = YES;
				CLANG_WARN_DIRECT_OBJC_ISA_USAGE = YES_ERROR;
				CLANG_WARN_EMPTY_BODY = YES;
				CLANG_WARN_ENUM_CONVERSION = YES;
				CLANG_WARN_INT_CONVERSION = YES;
				CLANG_WARN_OBJC_ROOT_CLASS = YES_ERROR;
				CLANG_WARN__DUPLICATE_METHOD_MATCH = YES;
				COPY_PHASE_STRIP = NO;
				GCC_C_LANGUAGE_STANDARD = gnu99;
				GCC_DYNAMIC_NO_PIC = NO;
				GCC_OPTIMIZATION_LEVEL = 0;
				GCC_PREPROCESSOR_DEFINITIONS = (
					"DEBUG=1",
					"$(inherited)",
				);
				GCC_SYMBOLS_PRIVATE_EXTERN = NO;
				GCC_WARN_64_TO_32_BIT_CONVERSION = YES;
				GCC_WARN_ABOUT_RETURN_TYPE = YES_ERROR;
				GCC_WARN_UNDECLARED_SELECTOR = YES;
				GCC_WARN_UNINITIALIZED_AUTOS = YES_AGGRESSIVE;
				GCC_WARN_UNUSED_FUNCTION = YES;
				GCC_WARN_UNUSED_VARIABLE = YES;
				IPHONEOS_DEPLOYMENT_TARGET = 7.1;
				ONLY_ACTIVE_ARCH = YES;
				SDKROOT = iphoneos;
			};
			name = Debug;
		};
		2422B34319343942005BF48F /* Release */ = {
			isa = XCBuildConfiguration;
			buildSettings = {
				ALWAYS_SEARCH_USER_PATHS = NO;
				CLANG_CXX_LANGUAGE_STANDARD = "gnu++0x";
				CLANG_CXX_LIBRARY = "libc++";
				CLANG_ENABLE_MODULES = YES;
				CLANG_ENABLE_OBJC_ARC = YES;
				CLANG_WARN_BOOL_CONVERSION = YES;
				CLANG_WARN_CONSTANT_CONVERSION = YES;
				CLANG_WARN_DIRECT_OBJC_ISA_USAGE = YES_ERROR;
				CLANG_WARN_EMPTY_BODY = YES;
				CLANG_WARN_ENUM_CONVERSION = YES;
				CLANG_WARN_INT_CONVERSION = YES;
				CLANG_WARN_OBJC_ROOT_CLASS = YES_ERROR;
				CLANG_WARN__DUPLICATE_METHOD_MATCH = YES;
				COPY_PHASE_STRIP = YES;
				ENABLE_NS_ASSERTIONS = NO;
				GCC_C_LANGUAGE_STANDARD = gnu99;
				GCC_WARN_64_TO_32_BIT_CONVERSION = YES;
				GCC_WARN_ABOUT_RETURN_TYPE = YES_ERROR;
				GCC_WARN_UNDECLARED_SELECTOR = YES;
				GCC_WARN_UNINITIALIZED_AUTOS = YES_AGGRESSIVE;
				GCC_WARN_UNUSED_FUNCTION = YES;
				GCC_WARN_UNUSED_VARIABLE = YES;
				IPHONEOS_DEPLOYMENT_TARGET = 7.1;
				SDKROOT = iphoneos;
				VALIDATE_PRODUCT = YES;
			};
			name = Release;
		};
		2422B34519343942005BF48F /* Debug */ = {
			isa = XCBuildConfiguration;
			buildSettings = {
				DSTROOT = /tmp/libcocoa.dst;
				GCC_PRECOMPILE_PREFIX_HEADER = YES;
				GCC_PREFIX_HEADER = "libcocoa/libcocoa-Prefix.pch";
				OTHER_LDFLAGS = "-ObjC";
				PRODUCT_NAME = "$(TARGET_NAME)";
				SKIP_INSTALL = YES;
			};
			name = Debug;
		};
		2422B34619343942005BF48F /* Release */ = {
			isa = XCBuildConfiguration;
			buildSettings = {
				DSTROOT = /tmp/libcocoa.dst;
				GCC_PRECOMPILE_PREFIX_HEADER = YES;
				GCC_PREFIX_HEADER = "libcocoa/libcocoa-Prefix.pch";
				OTHER_LDFLAGS = "-ObjC";
				PRODUCT_NAME = "$(TARGET_NAME)";
				SKIP_INSTALL = YES;
			};
			name = Release;
		};
		2422B34819343942005BF48F /* Debug */ = {
			isa = XCBuildConfiguration;
			buildSettings = {
				FRAMEWORK_SEARCH_PATHS = (
					"$(SDKROOT)/Developer/Library/Frameworks",
					"$(inherited)",
					"$(DEVELOPER_FRAMEWORKS_DIR)",
				);
				GCC_PRECOMPILE_PREFIX_HEADER = YES;
				GCC_PREFIX_HEADER = "libcocoa/libcocoa-Prefix.pch";
				GCC_PREPROCESSOR_DEFINITIONS = (
					"DEBUG=1",
					"$(inherited)",
				);
				INFOPLIST_FILE = "libcocoaTests/libcocoaTests-Info.plist";
				PRODUCT_NAME = "$(TARGET_NAME)";
				WRAPPER_EXTENSION = xctest;
			};
			name = Debug;
		};
		2422B34919343942005BF48F /* Release */ = {
			isa = XCBuildConfiguration;
			buildSettings = {
				FRAMEWORK_SEARCH_PATHS = (
					"$(SDKROOT)/Developer/Library/Frameworks",
					"$(inherited)",
					"$(DEVELOPER_FRAMEWORKS_DIR)",
				);
				GCC_PRECOMPILE_PREFIX_HEADER = YES;
				GCC_PREFIX_HEADER = "libcocoa/libcocoa-Prefix.pch";
				INFOPLIST_FILE = "libcocoaTests/libcocoaTests-Info.plist";
				PRODUCT_NAME = "$(TARGET_NAME)";
				WRAPPER_EXTENSION = xctest;
			};
			name = Release;
		};
/* End XCBuildConfiguration section */

/* Begin XCConfigurationList section */
		2422B31C19343942005BF48F /* Build configuration list for PBXProject "libcocoa" */ = {
			isa = XCConfigurationList;
			buildConfigurations = (
				2422B34219343942005BF48F /* Debug */,
				2422B34319343942005BF48F /* Release */,
			);
			defaultConfigurationIsVisible = 0;
			defaultConfigurationName = Release;
		};
		2422B34419343942005BF48F /* Build configuration list for PBXNativeTarget "libcocoa" */ = {
			isa = XCConfigurationList;
			buildConfigurations = (
				2422B34519343942005BF48F /* Debug */,
				2422B34619343942005BF48F /* Release */,
			);
			defaultConfigurationIsVisible = 0;
		};
		2422B34719343942005BF48F /* Build configuration list for PBXNativeTarget "libcocoaTests" */ = {
			isa = XCConfigurationList;
			buildConfigurations = (
				2422B34819343942005BF48F /* Debug */,
				2422B34919343942005BF48F /* Release */,
			);
			defaultConfigurationIsVisible = 0;
		};
/* End XCConfigurationList section */
	};
	rootObject = 2422B31919343942005BF48F /* Project object */;
}
